
Microsoft Visual Studio Solution File, Format Version 12.00
# Visual Studio Version 17
VisualStudioVersion = 17.6.33723.286
MinimumVisualStudioVersion = 10.0.40219.1
Project("{FAE04EC0-301F-11D3-BF4B-00C04F79EFBC}") = "ProbaFeladat", "ProbaFeladat\ProbaFeladat.csproj", "{8F388AEE-AF8F-415C-9AC2-1F7B2C35305C}"
EndProject
Global
	GlobalSection(SolutionConfigurationPlatforms) = preSolution
		Debug|Any CPU = Debug|Any CPU
		Release|Any CPU = Release|Any CPU
	EndGlobalSection
	GlobalSection(ProjectConfigurationPlatforms) = postSolution
		{8F388AEE-AF8F-415C-9AC2-1F7B2C35305C}.Debug|Any CPU.ActiveCfg = Debug|Any CPU
		{8F388AEE-AF8F-415C-9AC2-1F7B2C35305C}.Debug|Any CPU.Build.0 = Debug|Any CPU
		{8F388AEE-AF8F-415C-9AC2-1F7B2C35305C}.Release|Any CPU.ActiveCfg = Release|Any CPU
		{8F388AEE-AF8F-415C-9AC2-1F7B2C35305C}.Release|Any CPU.Build.0 = Release|Any CPU
	EndGlobalSection
	GlobalSection(SolutionProperties) = preSolution
		HideSolutionNode = FALSE
	EndGlobalSection
	GlobalSection(ExtensibilityGlobals) = postSolution
		SolutionGuid = {40B64D44-2A6A-4204-ACF8-013F4F42FBAA}
	EndGlobalSection
EndGlobal
